// !$*UTF8*$!
{
	archiveVersion = 1;
	classes = {
	};
	objectVersion = 56;
	objects = {

/* Begin PBXBuildFile section */
		52B43CBC2BD0B3DB00374010 /* InfoBox.swift in Sources */ = {isa = PBXBuildFile; fileRef = 52B43CBB2BD0B3DB00374010 /* InfoBox.swift */; };
		52B43CBF2BD0B98800374010 /* MainView.swift in Sources */ = {isa = PBXBuildFile; fileRef = 52B43CBE2BD0B98800374010 /* MainView.swift */; };
		52EFA9A62BCF68F20048C662 /* EmojiSearchApp.swift in Sources */ = {isa = PBXBuildFile; fileRef = 52EFA9A52BCF68F20048C662 /* EmojiSearchApp.swift */; };
		52EFA9A82BCF68F20048C662 /* ContentView.swift in Sources */ = {isa = PBXBuildFile; fileRef = 52EFA9A72BCF68F20048C662 /* ContentView.swift */; };
		52EFA9AA2BCF68F30048C662 /* Assets.xcassets in Resources */ = {isa = PBXBuildFile; fileRef = 52EFA9A92BCF68F30048C662 /* Assets.xcassets */; };
		52EFA9AD2BCF68F30048C662 /* Preview Assets.xcassets in Resources */ = {isa = PBXBuildFile; fileRef = 52EFA9AC2BCF68F30048C662 /* Preview Assets.xcassets */; };
		52EFA9B82BCF6FA60048C662 /* EmojiData.swift in Sources */ = {isa = PBXBuildFile; fileRef = 52EFA9B72BCF6FA60048C662 /* EmojiData.swift */; };
		52EFA9BB2BCF72BF0048C662 /* EmojiRow.swift in Sources */ = {isa = PBXBuildFile; fileRef = 52EFA9BA2BCF72BF0048C662 /* EmojiRow.swift */; };
		52EFA9BE2BCF75DE0048C662 /* RandomColor.swift in Sources */ = {isa = PBXBuildFile; fileRef = 52EFA9BD2BCF75DE0048C662 /* RandomColor.swift */; };
		52EFA9C12BCF840B0048C662 /* HeaderViewDetail.swift in Sources */ = {isa = PBXBuildFile; fileRef = 52EFA9C02BCF840B0048C662 /* HeaderViewDetail.swift */; };
		52EFA9C32BCF866D0048C662 /* EmojiDetail.swift in Sources */ = {isa = PBXBuildFile; fileRef = 52EFA9C22BCF866D0048C662 /* EmojiDetail.swift */; };
/* End PBXBuildFile section */

/* Begin PBXFileReference section */
		52B43CBB2BD0B3DB00374010 /* InfoBox.swift */ = {isa = PBXFileReference; lastKnownFileType = sourcecode.swift; path = InfoBox.swift; sourceTree = "<group>"; };
		52B43CBE2BD0B98800374010 /* MainView.swift */ = {isa = PBXFileReference; lastKnownFileType = sourcecode.swift; path = MainView.swift; sourceTree = "<group>"; };
		52EFA9A22BCF68F20048C662 /* EmojiSearch.app */ = {isa = PBXFileReference; explicitFileType = wrapper.application; includeInIndex = 0; path = EmojiSearch.app; sourceTree = BUILT_PRODUCTS_DIR; };
		52EFA9A52BCF68F20048C662 /* EmojiSearchApp.swift */ = {isa = PBXFileReference; lastKnownFileType = sourcecode.swift; path = EmojiSearchApp.swift; sourceTree = "<group>"; };
		52EFA9A72BCF68F20048C662 /* ContentView.swift */ = {isa = PBXFileReference; lastKnownFileType = sourcecode.swift; path = ContentView.swift; sourceTree = "<group>"; };
		52EFA9A92BCF68F30048C662 /* Assets.xcassets */ = {isa = PBXFileReference; lastKnownFileType = folder.assetcatalog; path = Assets.xcassets; sourceTree = "<group>"; };
		52EFA9AC2BCF68F30048C662 /* Preview Assets.xcassets */ = {isa = PBXFileReference; lastKnownFileType = folder.assetcatalog; path = "Preview Assets.xcassets"; sourceTree = "<group>"; };
		52EFA9B72BCF6FA60048C662 /* EmojiData.swift */ = {isa = PBXFileReference; lastKnownFileType = sourcecode.swift; path = EmojiData.swift; sourceTree = "<group>"; };
		52EFA9BA2BCF72BF0048C662 /* EmojiRow.swift */ = {isa = PBXFileReference; lastKnownFileType = sourcecode.swift; path = EmojiRow.swift; sourceTree = "<group>"; };
		52EFA9BD2BCF75DE0048C662 /* RandomColor.swift */ = {isa = PBXFileReference; lastKnownFileType = sourcecode.swift; path = RandomColor.swift; sourceTree = "<group>"; };
		52EFA9C02BCF840B0048C662 /* HeaderViewDetail.swift */ = {isa = PBXFileReference; lastKnownFileType = sourcecode.swift; path = HeaderViewDetail.swift; sourceTree = "<group>"; };
		52EFA9C22BCF866D0048C662 /* EmojiDetail.swift */ = {isa = PBXFileReference; lastKnownFileType = sourcecode.swift; path = EmojiDetail.swift; sourceTree = "<group>"; };
/* End PBXFileReference section */

/* Begin PBXFrameworksBuildPhase section */
		52EFA99F2BCF68F20048C662 /* Frameworks */ = {
			isa = PBXFrameworksBuildPhase;
			buildActionMask = 2147483647;
			files = (
			);
			runOnlyForDeploymentPostprocessing = 0;
		};
/* End PBXFrameworksBuildPhase section */

/* Begin PBXGroup section */
		52B43CBD2BD0B97800374010 /* Tab */ = {
			isa = PBXGroup;
			children = (
				52B43CBE2BD0B98800374010 /* MainView.swift */,
			);
			path = Tab;
			sourceTree = "<group>";
		};
		52EFA9992BCF68F20048C662 = {
			isa = PBXGroup;
			children = (
				52EFA9A42BCF68F20048C662 /* EmojiSearch */,
				52EFA9A32BCF68F20048C662 /* Products */,
			);
			sourceTree = "<group>";
		};
		52EFA9A32BCF68F20048C662 /* Products */ = {
			isa = PBXGroup;
			children = (
				52EFA9A22BCF68F20048C662 /* EmojiSearch.app */,
			);
			name = Products;
			sourceTree = "<group>";
		};
		52EFA9A42BCF68F20048C662 /* EmojiSearch */ = {
			isa = PBXGroup;
			children = (
				52EFA9BC2BCF75C90048C662 /* Utility */,
				52EFA9B62BCF6F740048C662 /* Model */,
				52EFA9B32BCF6CAF0048C662 /* App */,
				52EFA9B42BCF6CD30048C662 /* View */,
				52EFA9B52BCF6CDD0048C662 /* Resources */,
				52EFA9AB2BCF68F30048C662 /* Preview Content */,
			);
			path = EmojiSearch;
			sourceTree = "<group>";
		};
		52EFA9AB2BCF68F30048C662 /* Preview Content */ = {
			isa = PBXGroup;
			children = (
				52EFA9AC2BCF68F30048C662 /* Preview Assets.xcassets */,
			);
			path = "Preview Content";
			sourceTree = "<group>";
		};
		52EFA9B32BCF6CAF0048C662 /* App */ = {
			isa = PBXGroup;
			children = (
				52EFA9A52BCF68F20048C662 /* EmojiSearchApp.swift */,
			);
			path = App;
			sourceTree = "<group>";
		};
		52EFA9B42BCF6CD30048C662 /* View */ = {
			isa = PBXGroup;
			children = (
				52B43CBD2BD0B97800374010 /* Tab */,
				52EFA9BF2BCF83D40048C662 /* Home */,
				52EFA9B92BCF72A10048C662 /* Component */,
			);
			path = View;
			sourceTree = "<group>";
		};
		52EFA9B52BCF6CDD0048C662 /* Resources */ = {
			isa = PBXGroup;
			children = (
				52EFA9A92BCF68F30048C662 /* Assets.xcassets */,
			);
			path = Resources;
			sourceTree = "<group>";
		};
		52EFA9B62BCF6F740048C662 /* Model */ = {
			isa = PBXGroup;
			children = (
				52EFA9B72BCF6FA60048C662 /* EmojiData.swift */,
			);
			path = Model;
			sourceTree = "<group>";
		};
		52EFA9B92BCF72A10048C662 /* Component */ = {
			isa = PBXGroup;
			children = (
				52EFA9BA2BCF72BF0048C662 /* EmojiRow.swift */,
				52B43CBB2BD0B3DB00374010 /* InfoBox.swift */,
			);
			path = Component;
			sourceTree = "<group>";
		};
		52EFA9BC2BCF75C90048C662 /* Utility */ = {
			isa = PBXGroup;
			children = (
				52EFA9BD2BCF75DE0048C662 /* RandomColor.swift */,
			);
			path = Utility;
			sourceTree = "<group>";
		};
		52EFA9BF2BCF83D40048C662 /* Home */ = {
			isa = PBXGroup;
			children = (
				52EFA9A72BCF68F20048C662 /* ContentView.swift */,
				52EFA9C02BCF840B0048C662 /* HeaderViewDetail.swift */,
				52EFA9C22BCF866D0048C662 /* EmojiDetail.swift */,
			);
			path = Home;
			sourceTree = "<group>";
		};
/* End PBXGroup section */

/* Begin PBXNativeTarget section */
		52EFA9A12BCF68F20048C662 /* EmojiSearch */ = {
			isa = PBXNativeTarget;
			buildConfigurationList = 52EFA9B02BCF68F30048C662 /* Build configuration list for PBXNativeTarget "EmojiSearch" */;
			buildPhases = (
				52EFA99E2BCF68F20048C662 /* Sources */,
				52EFA99F2BCF68F20048C662 /* Frameworks */,
				52EFA9A02BCF68F20048C662 /* Resources */,
			);
			buildRules = (
			);
			dependencies = (
			);
			name = EmojiSearch;
			productName = EmojiSearch;
			productReference = 52EFA9A22BCF68F20048C662 /* EmojiSearch.app */;
			productType = "com.apple.product-type.application";
		};
/* End PBXNativeTarget section */

/* Begin PBXProject section */
		52EFA99A2BCF68F20048C662 /* Project object */ = {
			isa = PBXProject;
			attributes = {
				BuildIndependentTargetsInParallel = 1;
				LastSwiftUpdateCheck = 1530;
				LastUpgradeCheck = 1530;
				TargetAttributes = {
					52EFA9A12BCF68F20048C662 = {
						CreatedOnToolsVersion = 15.3;
					};
				};
			};
			buildConfigurationList = 52EFA99D2BCF68F20048C662 /* Build configuration list for PBXProject "EmojiSearch" */;
			compatibilityVersion = "Xcode 14.0";
			developmentRegion = en;
			hasScannedForEncodings = 0;
			knownRegions = (
				en,
				Base,
			);
			mainGroup = 52EFA9992BCF68F20048C662;
			productRefGroup = 52EFA9A32BCF68F20048C662 /* Products */;
			projectDirPath = "";
			projectRoot = "";
			targets = (
				52EFA9A12BCF68F20048C662 /* EmojiSearch */,
			);
		};
/* End PBXProject section */

/* Begin PBXResourcesBuildPhase section */
		52EFA9A02BCF68F20048C662 /* Resources */ = {
			isa = PBXResourcesBuildPhase;
			buildActionMask = 2147483647;
			files = (
				52EFA9AD2BCF68F30048C662 /* Preview Assets.xcassets in Resources */,
				52EFA9AA2BCF68F30048C662 /* Assets.xcassets in Resources */,
			);
			runOnlyForDeploymentPostprocessing = 0;
		};
/* End PBXResourcesBuildPhase section */

/* Begin PBXSourcesBuildPhase section */
		52EFA99E2BCF68F20048C662 /* Sources */ = {
			isa = PBXSourcesBuildPhase;
			buildActionMask = 2147483647;
			files = (
				52EFA9C12BCF840B0048C662 /* HeaderViewDetail.swift in Sources */,
				52B43CBF2BD0B98800374010 /* MainView.swift in Sources */,
				52EFA9A82BCF68F20048C662 /* ContentView.swift in Sources */,
				52EFA9C32BCF866D0048C662 /* EmojiDetail.swift in Sources */,
				52EFA9BE2BCF75DE0048C662 /* RandomColor.swift in Sources */,
				52EFA9BB2BCF72BF0048C662 /* EmojiRow.swift in Sources */,
				52B43CBC2BD0B3DB00374010 /* InfoBox.swift in Sources */,
				52EFA9B82BCF6FA60048C662 /* EmojiData.swift in Sources */,
				52EFA9A62BCF68F20048C662 /* EmojiSearchApp.swift in Sources */,
			);
			runOnlyForDeploymentPostprocessing = 0;
		};
/* End PBXSourcesBuildPhase section */

/* Begin XCBuildConfiguration section */
		52EFA9AE2BCF68F30048C662 /* Debug */ = {
			isa = XCBuildConfiguration;
			buildSettings = {
				ALWAYS_SEARCH_USER_PATHS = NO;
				ASSETCATALOG_COMPILER_GENERATE_SWIFT_ASSET_SYMBOL_EXTENSIONS = YES;
				CLANG_ANALYZER_NONNULL = YES;
				CLANG_ANALYZER_NUMBER_OBJECT_CONVERSION = YES_AGGRESSIVE;
				CLANG_CXX_LANGUAGE_STANDARD = "gnu++20";
				CLANG_ENABLE_MODULES = YES;
				CLANG_ENABLE_OBJC_ARC = YES;
				CLANG_ENABLE_OBJC_WEAK = YES;
				CLANG_WARN_BLOCK_CAPTURE_AUTORELEASING = YES;
				CLANG_WARN_BOOL_CONVERSION = YES;
				CLANG_WARN_COMMA = YES;
				CLANG_WARN_CONSTANT_CONVERSION = YES;
				CLANG_WARN_DEPRECATED_OBJC_IMPLEMENTATIONS = YES;
				CLANG_WARN_DIRECT_OBJC_ISA_USAGE = YES_ERROR;
				CLANG_WARN_DOCUMENTATION_COMMENTS = YES;
				CLANG_WARN_EMPTY_BODY = YES;
				CLANG_WARN_ENUM_CONVERSION = YES;
				CLANG_WARN_INFINITE_RECURSION = YES;
				CLANG_WARN_INT_CONVERSION = YES;
				CLANG_WARN_NON_LITERAL_NULL_CONVERSION = YES;
				CLANG_WARN_OBJC_IMPLICIT_RETAIN_SELF = YES;
				CLANG_WARN_OBJC_LITERAL_CONVERSION = YES;
				CLANG_WARN_OBJC_ROOT_CLASS = YES_ERROR;
				CLANG_WARN_QUOTED_INCLUDE_IN_FRAMEWORK_HEADER = YES;
				CLANG_WARN_RANGE_LOOP_ANALYSIS = YES;
				CLANG_WARN_STRICT_PROTOTYPES = YES;
				CLANG_WARN_SUSPICIOUS_MOVE = YES;
				CLANG_WARN_UNGUARDED_AVAILABILITY = YES_AGGRESSIVE;
				CLANG_WARN_UNREACHABLE_CODE = YES;
				CLANG_WARN__DUPLICATE_METHOD_MATCH = YES;
				COPY_PHASE_STRIP = NO;
				DEBUG_INFORMATION_FORMAT = dwarf;
				ENABLE_STRICT_OBJC_MSGSEND = YES;
				ENABLE_TESTABILITY = YES;
				ENABLE_USER_SCRIPT_SANDBOXING = YES;
				GCC_C_LANGUAGE_STANDARD = gnu17;
				GCC_DYNAMIC_NO_PIC = NO;
				GCC_NO_COMMON_BLOCKS = YES;
				GCC_OPTIMIZATION_LEVEL = 0;
				GCC_PREPROCESSOR_DEFINITIONS = (
					"DEBUG=1",
					"$(inherited)",
				);
				GCC_WARN_64_TO_32_BIT_CONVERSION = YES;
				GCC_WARN_ABOUT_RETURN_TYPE = YES_ERROR;
				GCC_WARN_UNDECLARED_SELECTOR = YES;
				GCC_WARN_UNINITIALIZED_AUTOS = YES_AGGRESSIVE;
				GCC_WARN_UNUSED_FUNCTION = YES;
				GCC_WARN_UNUSED_VARIABLE = YES;
				IPHONEOS_DEPLOYMENT_TARGET = 17.4;
				LOCALIZATION_PREFERS_STRING_CATALOGS = YES;
				MTL_ENABLE_DEBUG_INFO = INCLUDE_SOURCE;
				MTL_FAST_MATH = YES;
				ONLY_ACTIVE_ARCH = YES;
				SDKROOT = iphoneos;
				SWIFT_ACTIVE_COMPILATION_CONDITIONS = "DEBUG $(inherited)";
				SWIFT_OPTIMIZATION_LEVEL = "-Onone";
			};
			name = Debug;
		};
		52EFA9AF2BCF68F30048C662 /* Release */ = {
			isa = XCBuildConfiguration;
			buildSettings = {
				ALWAYS_SEARCH_USER_PATHS = NO;
				ASSETCATALOG_COMPILER_GENERATE_SWIFT_ASSET_SYMBOL_EXTENSIONS = YES;
				CLANG_ANALYZER_NONNULL = YES;
				CLANG_ANALYZER_NUMBER_OBJECT_CONVERSION = YES_AGGRESSIVE;
				CLANG_CXX_LANGUAGE_STANDARD = "gnu++20";
				CLANG_ENABLE_MODULES = YES;
				CLANG_ENABLE_OBJC_ARC = YES;
				CLANG_ENABLE_OBJC_WEAK = YES;
				CLANG_WARN_BLOCK_CAPTURE_AUTORELEASING = YES;
				CLANG_WARN_BOOL_CONVERSION = YES;
				CLANG_WARN_COMMA = YES;
				CLANG_WARN_CONSTANT_CONVERSION = YES;
				CLANG_WARN_DEPRECATED_OBJC_IMPLEMENTATIONS = YES;
				CLANG_WARN_DIRECT_OBJC_ISA_USAGE = YES_ERROR;
				CLANG_WARN_DOCUMENTATION_COMMENTS = YES;
				CLANG_WARN_EMPTY_BODY = YES;
				CLANG_WARN_ENUM_CONVERSION = YES;
				CLANG_WARN_INFINITE_RECURSION = YES;
				CLANG_WARN_INT_CONVERSION = YES;
				CLANG_WARN_NON_LITERAL_NULL_CONVERSION = YES;
				CLANG_WARN_OBJC_IMPLICIT_RETAIN_SELF = YES;
				CLANG_WARN_OBJC_LITERAL_CONVERSION = YES;
				CLANG_WARN_OBJC_ROOT_CLASS = YES_ERROR;
				CLANG_WARN_QUOTED_INCLUDE_IN_FRAMEWORK_HEADER = YES;
				CLANG_WARN_RANGE_LOOP_ANALYSIS = YES;
				CLANG_WARN_STRICT_PROTOTYPES = YES;
				CLANG_WARN_SUSPICIOUS_MOVE = YES;
				CLANG_WARN_UNGUARDED_AVAILABILITY = YES_AGGRESSIVE;
				CLANG_WARN_UNREACHABLE_CODE = YES;
				CLANG_WARN__DUPLICATE_METHOD_MATCH = YES;
				COPY_PHASE_STRIP = NO;
				DEBUG_INFORMATION_FORMAT = "dwarf-with-dsym";
				ENABLE_NS_ASSERTIONS = NO;
				ENABLE_STRICT_OBJC_MSGSEND = YES;
				ENABLE_USER_SCRIPT_SANDBOXING = YES;
				GCC_C_LANGUAGE_STANDARD = gnu17;
				GCC_NO_COMMON_BLOCKS = YES;
				GCC_WARN_64_TO_32_BIT_CONVERSION = YES;
				GCC_WARN_ABOUT_RETURN_TYPE = YES_ERROR;
				GCC_WARN_UNDECLARED_SELECTOR = YES;
				GCC_WARN_UNINITIALIZED_AUTOS = YES_AGGRESSIVE;
				GCC_WARN_UNUSED_FUNCTION = YES;
				GCC_WARN_UNUSED_VARIABLE = YES;
				IPHONEOS_DEPLOYMENT_TARGET = 17.4;
				LOCALIZATION_PREFERS_STRING_CATALOGS = YES;
				MTL_ENABLE_DEBUG_INFO = NO;
				MTL_FAST_MATH = YES;
				SDKROOT = iphoneos;
				SWIFT_COMPILATION_MODE = wholemodule;
				VALIDATE_PRODUCT = YES;
			};
			name = Release;
		};
		52EFA9B12BCF68F30048C662 /* Debug */ = {
			isa = XCBuildConfiguration;
			buildSettings = {
				ASSETCATALOG_COMPILER_APPICON_NAME = AppIcon;
				ASSETCATALOG_COMPILER_GLOBAL_ACCENT_COLOR_NAME = AccentColor;
				CODE_SIGN_STYLE = Automatic;
				CURRENT_PROJECT_VERSION = 1;
				DEVELOPMENT_ASSET_PATHS = "\"EmojiSearch/Preview Content\"";
				ENABLE_PREVIEWS = YES;
				GENERATE_INFOPLIST_FILE = YES;
				INFOPLIST_KEY_UIApplicationSceneManifest_Generation = YES;
				INFOPLIST_KEY_UIApplicationSupportsIndirectInputEvents = YES;
				INFOPLIST_KEY_UILaunchScreen_Generation = YES;
				INFOPLIST_KEY_UISupportedInterfaceOrientations_iPad = "UIInterfaceOrientationPortrait UIInterfaceOrientationPortraitUpsideDown UIInterfaceOrientationLandscapeLeft UIInterfaceOrientationLandscapeRight";
				INFOPLIST_KEY_UISupportedInterfaceOrientations_iPhone = "UIInterfaceOrientationPortrait UIInterfaceOrientationLandscapeLeft UIInterfaceOrientationLandscapeRight";
				LD_RUNPATH_SEARCH_PATHS = (
					"$(inherited)",
					"@executable_path/Frameworks",
				);
				MARKETING_VERSION = 1.0;
				PRODUCT_BUNDLE_IDENTIFIER = com.dita.EmojiSearch;
				PRODUCT_NAME = "$(TARGET_NAME)";
				SUPPORTED_PLATFORMS = "iphoneos iphonesimulator";
				SUPPORTS_MACCATALYST = NO;
				SUPPORTS_MAC_DESIGNED_FOR_IPHONE_IPAD = NO;
				SUPPORTS_XR_DESIGNED_FOR_IPHONE_IPAD = NO;
				SWIFT_EMIT_LOC_STRINGS = YES;
				SWIFT_VERSION = 5.0;
				TARGETED_DEVICE_FAMILY = 1;
			};
			name = Debug;
		};
		52EFA9B22BCF68F30048C662 /* Release */ = {
			isa = XCBuildConfiguration;
			buildSettings = {
				ASSETCATALOG_COMPILER_APPICON_NAME = AppIcon;
				ASSETCATALOG_COMPILER_GLOBAL_ACCENT_COLOR_NAME = AccentColor;
				CODE_SIGN_STYLE = Automatic;
				CURRENT_PROJECT_VERSION = 1;
				DEVELOPMENT_ASSET_PATHS = "\"EmojiSearch/Preview Content\"";
				ENABLE_PREVIEWS = YES;
				GENERATE_INFOPLIST_FILE = YES;
				INFOPLIST_KEY_UIApplicationSceneManifest_Generation = YES;
				INFOPLIST_KEY_UIApplicationSupportsIndirectInputEvents = YES;
				INFOPLIST_KEY_UILaunchScreen_Generation = YES;
				INFOPLIST_KEY_UISupportedInterfaceOrientations_iPad = "UIInterfaceOrientationPortrait UIInterfaceOrientationPortraitUpsideDown UIInterfaceOrientationLandscapeLeft UIInterfaceOrientationLandscapeRight";
				INFOPLIST_KEY_UISupportedInterfaceOrientations_iPhone = "UIInterfaceOrientationPortrait UIInterfaceOrientationLandscapeLeft UIInterfaceOrientationLandscapeRight";
				LD_RUNPATH_SEARCH_PATHS = (
					"$(inherited)",
					"@executable_path/Frameworks",
				);
				MARKETING_VERSION = 1.0;
				PRODUCT_BUNDLE_IDENTIFIER = com.dita.EmojiSearch;
				PRODUCT_NAME = "$(TARGET_NAME)";
				SUPPORTED_PLATFORMS = "iphoneos iphonesimulator";
				SUPPORTS_MACCATALYST = NO;
				SUPPORTS_MAC_DESIGNED_FOR_IPHONE_IPAD = NO;
				SUPPORTS_XR_DESIGNED_FOR_IPHONE_IPAD = NO;
				SWIFT_EMIT_LOC_STRINGS = YES;
				SWIFT_VERSION = 5.0;
				TARGETED_DEVICE_FAMILY = 1;
			};
			name = Release;
		};
/* End XCBuildConfiguration section */

/* Begin XCConfigurationList section */
		52EFA99D2BCF68F20048C662 /* Build configuration list for PBXProject "EmojiSearch" */ = {
			isa = XCConfigurationList;
			buildConfigurations = (
				52EFA9AE2BCF68F30048C662 /* Debug */,
				52EFA9AF2BCF68F30048C662 /* Release */,
			);
			defaultConfigurationIsVisible = 0;
			defaultConfigurationName = Release;
		};
		52EFA9B02BCF68F30048C662 /* Build configuration list for PBXNativeTarget "EmojiSearch" */ = {
			isa = XCConfigurationList;
			buildConfigurations = (
				52EFA9B12BCF68F30048C662 /* Debug */,
				52EFA9B22BCF68F30048C662 /* Release */,
			);
			defaultConfigurationIsVisible = 0;
			defaultConfigurationName = Release;
		};
/* End XCConfigurationList section */
	};
	rootObject = 52EFA99A2BCF68F20048C662 /* Project object */;
}
